
Microsoft Visual Studio Solution File, Format Version 12.00
# Visual Studio 2013
VisualStudioVersion = 12.0.20617.1 PREVIEW
MinimumVisualStudioVersion = 10.0.40219.1
Project("{FAE04EC0-301F-11D3-BF4B-00C04F79EFBC}") = "TheInterface", "TheInterface\TheInterface.csproj", "{40509917-556B-4E62-9E24-4D5FC6ACCFD0}"
EndProject
Project("{F088123C-0E9E-452A-89E6-6BA2F21D5CAC}") = "Uml", "Uml\Uml.modelproj", "{2DFC1841-4CDD-442D-BD48-BDEBE43243F8}"
EndProject
Project("{FAE04EC0-301F-11D3-BF4B-00C04F79EFBC}") = "CompositePattern", "CompositePattern\CompositePattern.csproj", "{BFC46CED-F48E-47A8-9A4D-922B991F64E4}"
EndProject
Global
	GlobalSection(SolutionConfigurationPlatforms) = preSolution
		Debug|Any CPU = Debug|Any CPU
		Release|Any CPU = Release|Any CPU
	EndGlobalSection
	GlobalSection(ProjectConfigurationPlatforms) = postSolution
		{40509917-556B-4E62-9E24-4D5FC6ACCFD0}.Debug|Any CPU.ActiveCfg = Debug|Any CPU
		{40509917-556B-4E62-9E24-4D5FC6ACCFD0}.Debug|Any CPU.Build.0 = Debug|Any CPU
		{40509917-556B-4E62-9E24-4D5FC6ACCFD0}.Release|Any CPU.ActiveCfg = Release|Any CPU
		{40509917-556B-4E62-9E24-4D5FC6ACCFD0}.Release|Any CPU.Build.0 = Release|Any CPU
		{2DFC1841-4CDD-442D-BD48-BDEBE43243F8}.Debug|Any CPU.ActiveCfg = Debug|Any CPU
		{2DFC1841-4CDD-442D-BD48-BDEBE43243F8}.Debug|Any CPU.Build.0 = Debug|Any CPU
		{2DFC1841-4CDD-442D-BD48-BDEBE43243F8}.Release|Any CPU.ActiveCfg = Release|Any CPU
		{2DFC1841-4CDD-442D-BD48-BDEBE43243F8}.Release|Any CPU.Build.0 = Release|Any CPU
		{BFC46CED-F48E-47A8-9A4D-922B991F64E4}.Debug|Any CPU.ActiveCfg = Debug|Any CPU
		{BFC46CED-F48E-47A8-9A4D-922B991F64E4}.Debug|Any CPU.Build.0 = Debug|Any CPU
		{BFC46CED-F48E-47A8-9A4D-922B991F64E4}.Release|Any CPU.ActiveCfg = Release|Any CPU
		{BFC46CED-F48E-47A8-9A4D-922B991F64E4}.Release|Any CPU.Build.0 = Release|Any CPU
	EndGlobalSection
	GlobalSection(SolutionProperties) = preSolution
		HideSolutionNode = FALSE
	EndGlobalSection
EndGlobal
