
Microsoft Visual Studio Solution File, Format Version 12.00
# Visual Studio 2013
VisualStudioVersion = 12.0.21005.1
MinimumVisualStudioVersion = 10.0.40219.1
Project("{FAE04EC0-301F-11D3-BF4B-00C04F79EFBC}") = "Ch7-LiskovSubstitutionPrinciple", "Ch7-LiskovSubstitutionPrinciple\Ch7-LiskovSubstitutionPrinciple.csproj", "{5E1E15B4-E2FB-4743-9232-7B8F63E67CFB}"
EndProject
Global
	GlobalSection(SolutionConfigurationPlatforms) = preSolution
		Debug|Any CPU = Debug|Any CPU
		Release|Any CPU = Release|Any CPU
	EndGlobalSection
	GlobalSection(ProjectConfigurationPlatforms) = postSolution
		{5E1E15B4-E2FB-4743-9232-7B8F63E67CFB}.Debug|Any CPU.ActiveCfg = Debug|Any CPU
		{5E1E15B4-E2FB-4743-9232-7B8F63E67CFB}.Debug|Any CPU.Build.0 = Debug|Any CPU
		{5E1E15B4-E2FB-4743-9232-7B8F63E67CFB}.Release|Any CPU.ActiveCfg = Release|Any CPU
		{5E1E15B4-E2FB-4743-9232-7B8F63E67CFB}.Release|Any CPU.Build.0 = Release|Any CPU
	EndGlobalSection
	GlobalSection(SolutionProperties) = preSolution
		HideSolutionNode = FALSE
	EndGlobalSection
EndGlobal
