
Microsoft Visual Studio Solution File, Format Version 12.00
# Visual Studio 2013
VisualStudioVersion = 12.0.20617.1 PREVIEW
MinimumVisualStudioVersion = 10.0.40219.1
Project("{FAE04EC0-301F-11D3-BF4B-00C04F79EFBC}") = "WpfApp", "WpfApp\WpfApp.csproj", "{A10E7B8E-AC22-4D8F-AEE0-AAAE1C81960A}"
EndProject
Project("{FAE04EC0-301F-11D3-BF4B-00C04F79EFBC}") = "AsyncDecorator", "AsyncDecorator\AsyncDecorator.csproj", "{3B3A8213-CEF0-4858-8DA5-B891C6D8DA32}"
EndProject
Global
	GlobalSection(SolutionConfigurationPlatforms) = preSolution
		Debug|Any CPU = Debug|Any CPU
		Release|Any CPU = Release|Any CPU
	EndGlobalSection
	GlobalSection(ProjectConfigurationPlatforms) = postSolution
		{A10E7B8E-AC22-4D8F-AEE0-AAAE1C81960A}.Debug|Any CPU.ActiveCfg = Debug|Any CPU
		{A10E7B8E-AC22-4D8F-AEE0-AAAE1C81960A}.Debug|Any CPU.Build.0 = Debug|Any CPU
		{A10E7B8E-AC22-4D8F-AEE0-AAAE1C81960A}.Release|Any CPU.ActiveCfg = Release|Any CPU
		{A10E7B8E-AC22-4D8F-AEE0-AAAE1C81960A}.Release|Any CPU.Build.0 = Release|Any CPU
		{3B3A8213-CEF0-4858-8DA5-B891C6D8DA32}.Debug|Any CPU.ActiveCfg = Debug|Any CPU
		{3B3A8213-CEF0-4858-8DA5-B891C6D8DA32}.Debug|Any CPU.Build.0 = Debug|Any CPU
		{3B3A8213-CEF0-4858-8DA5-B891C6D8DA32}.Release|Any CPU.ActiveCfg = Release|Any CPU
		{3B3A8213-CEF0-4858-8DA5-B891C6D8DA32}.Release|Any CPU.Build.0 = Release|Any CPU
	EndGlobalSection
	GlobalSection(SolutionProperties) = preSolution
		HideSolutionNode = FALSE
	EndGlobalSection
EndGlobal
