
Microsoft Visual Studio Solution File, Format Version 12.00
# Visual Studio 2013
VisualStudioVersion = 12.0.20617.1 PREVIEW
MinimumVisualStudioVersion = 10.0.40219.1
Project("{FAE04EC0-301F-11D3-BF4B-00C04F79EFBC}") = "Chapter8Basis", "Chapter8Basis\Chapter8Basis.csproj", "{798F64EB-2F60-4E14-971B-48F93FAE0219}"
EndProject
Project("{FAE04EC0-301F-11D3-BF4B-00C04F79EFBC}") = "Interfaces", "Interfaces\Interfaces.csproj", "{55598D81-8567-44BF-960C-BF941433011B}"
EndProject
Global
	GlobalSection(SolutionConfigurationPlatforms) = preSolution
		Debug|Any CPU = Debug|Any CPU
		Release|Any CPU = Release|Any CPU
	EndGlobalSection
	GlobalSection(ProjectConfigurationPlatforms) = postSolution
		{798F64EB-2F60-4E14-971B-48F93FAE0219}.Debug|Any CPU.ActiveCfg = Debug|Any CPU
		{798F64EB-2F60-4E14-971B-48F93FAE0219}.Debug|Any CPU.Build.0 = Debug|Any CPU
		{798F64EB-2F60-4E14-971B-48F93FAE0219}.Release|Any CPU.ActiveCfg = Release|Any CPU
		{798F64EB-2F60-4E14-971B-48F93FAE0219}.Release|Any CPU.Build.0 = Release|Any CPU
		{55598D81-8567-44BF-960C-BF941433011B}.Debug|Any CPU.ActiveCfg = Debug|Any CPU
		{55598D81-8567-44BF-960C-BF941433011B}.Debug|Any CPU.Build.0 = Debug|Any CPU
		{55598D81-8567-44BF-960C-BF941433011B}.Release|Any CPU.ActiveCfg = Release|Any CPU
		{55598D81-8567-44BF-960C-BF941433011B}.Release|Any CPU.Build.0 = Release|Any CPU
	EndGlobalSection
	GlobalSection(SolutionProperties) = preSolution
		HideSolutionNode = FALSE
	EndGlobalSection
EndGlobal
