
Microsoft Visual Studio Solution File, Format Version 12.00
# Visual Studio 2013
VisualStudioVersion = 12.0.21005.1
MinimumVisualStudioVersion = 10.0.40219.1
Project("{FAE04EC0-301F-11D3-BF4B-00C04F79EFBC}") = "TheInterface", "TheInterface\TheInterface.csproj", "{40509917-556B-4E62-9E24-4D5FC6ACCFD0}"
EndProject
Project("{FAE04EC0-301F-11D3-BF4B-00C04F79EFBC}") = "StrategyPattern", "StrategyPattern\StrategyPattern.csproj", "{BE32C3B4-6680-4F17-85E9-D50F83A9854F}"
EndProject
Project("{F088123C-0E9E-452A-89E6-6BA2F21D5CAC}") = "Uml", "Uml\Uml.modelproj", "{6AE32539-1693-443D-8E47-BF14339B3568}"
EndProject
Project("{FAE04EC0-301F-11D3-BF4B-00C04F79EFBC}") = "OnlinePaymentInterface", "OnlinePaymentInterface\OnlinePaymentInterface.csproj", "{02CB0889-CEC1-4137-A4B5-468E9C19A71C}"
EndProject
Project("{FAE04EC0-301F-11D3-BF4B-00C04F79EFBC}") = "PaymentStrategies", "PaymentStrategies\PaymentStrategies.csproj", "{E20E30D3-3AC3-4E04-9ADE-69FEB32BA80A}"
EndProject
Global
	GlobalSection(SolutionConfigurationPlatforms) = preSolution
		Debug|Any CPU = Debug|Any CPU
		Release|Any CPU = Release|Any CPU
	EndGlobalSection
	GlobalSection(ProjectConfigurationPlatforms) = postSolution
		{40509917-556B-4E62-9E24-4D5FC6ACCFD0}.Debug|Any CPU.ActiveCfg = Debug|Any CPU
		{40509917-556B-4E62-9E24-4D5FC6ACCFD0}.Debug|Any CPU.Build.0 = Debug|Any CPU
		{40509917-556B-4E62-9E24-4D5FC6ACCFD0}.Release|Any CPU.ActiveCfg = Release|Any CPU
		{40509917-556B-4E62-9E24-4D5FC6ACCFD0}.Release|Any CPU.Build.0 = Release|Any CPU
		{BE32C3B4-6680-4F17-85E9-D50F83A9854F}.Debug|Any CPU.ActiveCfg = Debug|Any CPU
		{BE32C3B4-6680-4F17-85E9-D50F83A9854F}.Debug|Any CPU.Build.0 = Debug|Any CPU
		{BE32C3B4-6680-4F17-85E9-D50F83A9854F}.Release|Any CPU.ActiveCfg = Release|Any CPU
		{BE32C3B4-6680-4F17-85E9-D50F83A9854F}.Release|Any CPU.Build.0 = Release|Any CPU
		{6AE32539-1693-443D-8E47-BF14339B3568}.Debug|Any CPU.ActiveCfg = Debug|Any CPU
		{6AE32539-1693-443D-8E47-BF14339B3568}.Debug|Any CPU.Build.0 = Debug|Any CPU
		{6AE32539-1693-443D-8E47-BF14339B3568}.Release|Any CPU.ActiveCfg = Release|Any CPU
		{6AE32539-1693-443D-8E47-BF14339B3568}.Release|Any CPU.Build.0 = Release|Any CPU
		{02CB0889-CEC1-4137-A4B5-468E9C19A71C}.Debug|Any CPU.ActiveCfg = Debug|Any CPU
		{02CB0889-CEC1-4137-A4B5-468E9C19A71C}.Debug|Any CPU.Build.0 = Debug|Any CPU
		{02CB0889-CEC1-4137-A4B5-468E9C19A71C}.Release|Any CPU.ActiveCfg = Release|Any CPU
		{02CB0889-CEC1-4137-A4B5-468E9C19A71C}.Release|Any CPU.Build.0 = Release|Any CPU
		{E20E30D3-3AC3-4E04-9ADE-69FEB32BA80A}.Debug|Any CPU.ActiveCfg = Debug|Any CPU
		{E20E30D3-3AC3-4E04-9ADE-69FEB32BA80A}.Debug|Any CPU.Build.0 = Debug|Any CPU
		{E20E30D3-3AC3-4E04-9ADE-69FEB32BA80A}.Release|Any CPU.ActiveCfg = Release|Any CPU
		{E20E30D3-3AC3-4E04-9ADE-69FEB32BA80A}.Release|Any CPU.Build.0 = Release|Any CPU
	EndGlobalSection
	GlobalSection(SolutionProperties) = preSolution
		HideSolutionNode = FALSE
	EndGlobalSection
EndGlobal
