
Microsoft Visual Studio Solution File, Format Version 12.00
# Visual Studio 2013
VisualStudioVersion = 12.0.20617.1 PREVIEW
MinimumVisualStudioVersion = 10.0.40219.1
Project("{FAE04EC0-301F-11D3-BF4B-00C04F79EFBC}") = "RestfulServiceExample", "RestfulServiceExample\RestfulServiceExample.csproj", "{6757EDB9-A2CF-4AEC-807F-FFC1425B21F4}"
EndProject
Project("{FAE04EC0-301F-11D3-BF4B-00C04F79EFBC}") = "RestClient", "RestClient\RestClient.csproj", "{361FEA8D-5F8E-4A96-B4C7-107B7B21ADCC}"
EndProject
Global
	GlobalSection(SolutionConfigurationPlatforms) = preSolution
		Debug|Any CPU = Debug|Any CPU
		Release|Any CPU = Release|Any CPU
	EndGlobalSection
	GlobalSection(ProjectConfigurationPlatforms) = postSolution
		{6757EDB9-A2CF-4AEC-807F-FFC1425B21F4}.Debug|Any CPU.ActiveCfg = Debug|Any CPU
		{6757EDB9-A2CF-4AEC-807F-FFC1425B21F4}.Debug|Any CPU.Build.0 = Debug|Any CPU
		{6757EDB9-A2CF-4AEC-807F-FFC1425B21F4}.Release|Any CPU.ActiveCfg = Release|Any CPU
		{6757EDB9-A2CF-4AEC-807F-FFC1425B21F4}.Release|Any CPU.Build.0 = Release|Any CPU
		{361FEA8D-5F8E-4A96-B4C7-107B7B21ADCC}.Debug|Any CPU.ActiveCfg = Debug|Any CPU
		{361FEA8D-5F8E-4A96-B4C7-107B7B21ADCC}.Debug|Any CPU.Build.0 = Debug|Any CPU
		{361FEA8D-5F8E-4A96-B4C7-107B7B21ADCC}.Release|Any CPU.ActiveCfg = Release|Any CPU
		{361FEA8D-5F8E-4A96-B4C7-107B7B21ADCC}.Release|Any CPU.Build.0 = Release|Any CPU
	EndGlobalSection
	GlobalSection(SolutionProperties) = preSolution
		HideSolutionNode = FALSE
	EndGlobalSection
	GlobalSection(Performance) = preSolution
		HasPerformanceSessions = true
	EndGlobalSection
EndGlobal
